
Microsoft Visual Studio Solution File, Format Version 12.00
# Visual Studio Version 17
VisualStudioVersion = 17.9.34723.18
MinimumVisualStudioVersion = 10.0.40219.1
Project("{FAE04EC0-301F-11D3-BF4B-00C04F79EFBC}") = "Grimoire.Api", "Grimoire.Api\Grimoire.Api.csproj", "{1A1820CC-1D01-4A37-8219-EB5F344B3515}"
EndProject
Global
	GlobalSection(SolutionConfigurationPlatforms) = preSolution
		Debug|Any CPU = Debug|Any CPU
		Release|Any CPU = Release|Any CPU
	EndGlobalSection
	GlobalSection(ProjectConfigurationPlatforms) = postSolution
		{1A1820CC-1D01-4A37-8219-EB5F344B3515}.Debug|Any CPU.ActiveCfg = Debug|Any CPU
		{1A1820CC-1D01-4A37-8219-EB5F344B3515}.Debug|Any CPU.Build.0 = Debug|Any CPU
		{1A1820CC-1D01-4A37-8219-EB5F344B3515}.Release|Any CPU.ActiveCfg = Release|Any CPU
		{1A1820CC-1D01-4A37-8219-EB5F344B3515}.Release|Any CPU.Build.0 = Release|Any CPU
	EndGlobalSection
	GlobalSection(SolutionProperties) = preSolution
		HideSolutionNode = FALSE
	EndGlobalSection
	GlobalSection(ExtensibilityGlobals) = postSolution
		SolutionGuid = {A3C34334-5796-45B6-A3EC-DCE2B860E4BD}
	EndGlobalSection
EndGlobal
